{
  "canonical_source": "buy-good-things",
  "canonical_commit": "81aa8f4f744280a82183da30c9254412314a7bc7",
  "artifacts": {
    "PROTOCOL.md": "d41b4df3f95efca3f22a90c2338d030f351d2fe30ae8b0eb80fc9ac842abfbaf",
    "RUN_GUIDE.md": "4dce42487370302ecd532f336184d7a8fb0c6237fae1207a837999cc1c920dbc",
    "STAGE_CONTRACTS.md": "3b684240b8c7d1b1eb91d4a33cfd999160577fcb443e25b3306028ffafb7ff4c",
    "TEMPLATES.md": "003e9d36b743b36ae85e9d2eb67b2050930887012867f07349ad1a92d98e5dd0",
    "scripts/aggregate_stats.py": "bd8a0e307cf111806d0f13e4d68fbeebc7027cc50a63c3991b4b0f3dfa8ba0eb",
    "scripts/archive_sisyphus_artifact.sh": "d4044c1f0b5a63aa9c60f80dc0a7a69e9a57f19e69ac713e42ce16ffdb9f71bb",
    "scripts/create_contract_draft_prompt.sh": "bd031229372d35d1dfd3fe1495b092dd3c9792f86162fda5a50d70aa5ac7d68b",
    "scripts/create_debate_meta_prompt.sh": "857542dc0b07f80edb39be695d74006e16a7061d82f8d79d082a22dd5fb49032",
    "scripts/create_debate_round.sh": "abf15883d0c234885c3037fdcb50964129a1dd0c2b75e3c855bd5222bb21e11a",
    "scripts/create_run.sh": "bf98f475dba0d789efa78126301e0d4ef2eb2fba48d27ca0139a929003663b4b",
    "scripts/create_summary_score_prompt.sh": "532948f45e27b65bc3a9d27dd502cd779782fc78c322e670de8a5bd2f399c15c",
    "scripts/generate_protocol_lock.py": "51d1ea3e7c8c3d8766f793876460b19a4a3a3e4bbb1bf124f99e6e4e1173f625",
    "scripts/protocol_common.sh": "85aec9e9a60527529764b2086d4e5845e8e227f763fe70a15955c42e504dfa55",
    "scripts/release_protocol.sh": "91281ab0aea8da8a5792444e968c5c566b42d797168cd425cd8afcecf1f43d87",
    "scripts/render_stats_dashboard.py": "9a170b3a6961bc44432b92db75cc04396bd8926f47603c3df39ed1f3671ac15c",
    "scripts/run_oracle_debate_meta.sh": "3fa98b8d41f23535abf05bbe6eda8272b26780cfe47e4f7bcb87e0a5d64808b3",
    "scripts/run_oracle_opening.sh": "b21ff765d2e01e00b53f9a260492c74cae625087f27649d32958ed3aa0ed8340",
    "scripts/run_oracle_round.sh": "37ad257ec4bb820b7953b03252c5e184738bdd2b6a6f0ef13f415e712ec0c810",
    "scripts/run_oracle_summary_score.sh": "026ccbb62f862c99fff6d36f3a2f8a9dc4db1e24f58bc2bde2ac895000fb7e86",
    "scripts/run_oracle_sync.sh": "5d48203c2dcc621442c95f551051c60535cf29625b976118a57d2bce0bd282b9",
    "scripts/run_sisyphus_contract_draft.sh": "ce0337b0a01256872e30648b2c815ae55f4070c0e01f5c01728da8b13ce46aac",
    "scripts/run_sisyphus_debate_meta.sh": "ab1423273f6ac7c949c3c4362899952985d7d78b9c30f8cc90dc2ef8e84ed4f7",
    "scripts/run_sisyphus_fix_from_final.sh": "8abda4482ea7a09d2f838b602494903b915263cef93253695f7e2a1b25dee35d",
    "scripts/run_sisyphus_implementation.sh": "613337f656a719fd3bece8a1a0f11d2ef917fdcdc67feec5ff4a64708cb4a955",
    "scripts/run_sisyphus_opening.sh": "45d5d04f0878e29d4fd1af136b386e9ad0f6c8aa413912ab43f804431019a1ae",
    "scripts/run_sisyphus_review1.sh": "fbf900d9d452b065bff637680e4121a0a8c1fa3d7c4259bc4904ed0ea0eef168",
    "scripts/run_sisyphus_round.sh": "7e03209b839e7b23c8375c0151c3dc85ee87cff11c469d421f070fd1d3ae6dcb",
    "scripts/run_sisyphus_summary_score.sh": "33ef8e0fb26e2b7b06847168bb590586c3796589cbd1c8de158e2e2f8050d219",
    "scripts/run_sisyphus_sync.sh": "c0a2fba9bd0a3172a3cf289841c45aefaa8d5ffdd7fec30f849b1146176de445",
    "scripts/run_stage.sh": "87b8afe7a0fef7e254c1d1ab099a1b10161d0cdd0a66630746ffefa8dd1c03a3",
    "scripts/start_debate.sh": "f89d4d5dfc22f3fbb1563103082ea165989ee5f54ff7d37fc7cdffc5c9cee9b9",
    "scripts/write_claude_stage_artifact.py": "1b212331e4855214a0cdc40cd87135bb41188a3caf47d747fcd10103102e48f5"
  }
}
